
Microsoft Visual Studio Solution File, Format Version 12.00
Project("{FAE04EC0-301F-11D3-BF4B-00C04F79EFBC}") = "COMP003B.LectureActivity4", "COMP003B.LectureActivity4\COMP003B.LectureActivity4.csproj", "{F9632757-93C9-4D94-8137-50D328E88EB4}"
EndProject
Global
	GlobalSection(SolutionConfigurationPlatforms) = preSolution
		Debug|Any CPU = Debug|Any CPU
		Release|Any CPU = Release|Any CPU
	EndGlobalSection
	GlobalSection(ProjectConfigurationPlatforms) = postSolution
		{F9632757-93C9-4D94-8137-50D328E88EB4}.Debug|Any CPU.ActiveCfg = Debug|Any CPU
		{F9632757-93C9-4D94-8137-50D328E88EB4}.Debug|Any CPU.Build.0 = Debug|Any CPU
		{F9632757-93C9-4D94-8137-50D328E88EB4}.Release|Any CPU.ActiveCfg = Release|Any CPU
		{F9632757-93C9-4D94-8137-50D328E88EB4}.Release|Any CPU.Build.0 = Release|Any CPU
	EndGlobalSection
EndGlobal
